// !$*UTF8*$!
{
	archiveVersion = 1;
	classes = {
	};
	objectVersion = 50;
	objects = {

/* Begin PBXBuildFile section */
		7415409F211C81B300812D7E /* Artist.m in Sources */ = {isa = PBXBuildFile; fileRef = 7415409E211C81B300812D7E /* Artist.m */; };
		741A11952118429B0082A3E9 /* SearchTableViewController.m in Sources */ = {isa = PBXBuildFile; fileRef = 741A11942118429B0082A3E9 /* SearchTableViewController.m */; };
		743C3185211D7AB9006BC00C /* AppCenterDemoXCTests.m in Sources */ = {isa = PBXBuildFile; fileRef = 743C3184211D7AB9006BC00C /* AppCenterDemoXCTests.m */; };
		744ED96A21147183007EE1D7 /* AppDelegate.m in Sources */ = {isa = PBXBuildFile; fileRef = 744ED96921147183007EE1D7 /* AppDelegate.m */; };
		744ED97021147183007EE1D7 /* Main.storyboard in Resources */ = {isa = PBXBuildFile; fileRef = 744ED96E21147183007EE1D7 /* Main.storyboard */; };
		744ED97221147185007EE1D7 /* Assets.xcassets in Resources */ = {isa = PBXBuildFile; fileRef = 744ED97121147185007EE1D7 /* Assets.xcassets */; };
		744ED97521147185007EE1D7 /* LaunchScreen.storyboard in Resources */ = {isa = PBXBuildFile; fileRef = 744ED97321147185007EE1D7 /* LaunchScreen.storyboard */; };
		744ED97821147185007EE1D7 /* main.m in Sources */ = {isa = PBXBuildFile; fileRef = 744ED97721147185007EE1D7 /* main.m */; };
		744ED98D21147185007EE1D7 /* AppCenterDemoUITests.m in Sources */ = {isa = PBXBuildFile; fileRef = 744ED98C21147185007EE1D7 /* AppCenterDemoUITests.m */; };
		8A2E31D031854749F99A9B91 /* Pods_AppCenterDemoUITests.framework in Frameworks */ = {isa = PBXBuildFile; fileRef = 50B9C03BBE3EC07E242001F5 /* Pods_AppCenterDemoUITests.framework */; };
		EB7ABDA55DD8E9545FAD7030 /* Pods_AppCenterDemo.framework in Frameworks */ = {isa = PBXBuildFile; fileRef = F294D53745A9F53EFD283516 /* Pods_AppCenterDemo.framework */; };
/* End PBXBuildFile section */

/* Begin PBXContainerItemProxy section */
		743C3187211D7AB9006BC00C /* PBXContainerItemProxy */ = {
			isa = PBXContainerItemProxy;
			containerPortal = 744ED95D21147183007EE1D7 /* Project object */;
			proxyType = 1;
			remoteGlobalIDString = 744ED96421147183007EE1D7;
			remoteInfo = AppCenterDemo;
		};
		744ED98921147185007EE1D7 /* PBXContainerItemProxy */ = {
			isa = PBXContainerItemProxy;
			containerPortal = 744ED95D21147183007EE1D7 /* Project object */;
			proxyType = 1;
			remoteGlobalIDString = 744ED96421147183007EE1D7;
			remoteInfo = AppCenterDemo;
		};
/* End PBXContainerItemProxy section */

/* Begin PBXFileReference section */
		399E20DEBC46498B2BE5C26A /* Pods-AppCenterDemoUITests.debug.xcconfig */ = {isa = PBXFileReference; includeInIndex = 1; lastKnownFileType = text.xcconfig; name = "Pods-AppCenterDemoUITests.debug.xcconfig"; path = "Pods/Target Support Files/Pods-AppCenterDemoUITests/Pods-AppCenterDemoUITests.debug.xcconfig"; sourceTree = "<group>"; };
		492FEAEB650F6F6A2D492288 /* Pods-AppCenterDemo.debug.xcconfig */ = {isa = PBXFileReference; includeInIndex = 1; lastKnownFileType = text.xcconfig; name = "Pods-AppCenterDemo.debug.xcconfig"; path = "Pods/Target Support Files/Pods-AppCenterDemo/Pods-AppCenterDemo.debug.xcconfig"; sourceTree = "<group>"; };
		50B9C03BBE3EC07E242001F5 /* Pods_AppCenterDemoUITests.framework */ = {isa = PBXFileReference; explicitFileType = wrapper.framework; includeInIndex = 0; path = Pods_AppCenterDemoUITests.framework; sourceTree = BUILT_PRODUCTS_DIR; };
		611F777B3A22E143201E3030 /* Pods-AppCenterDemo.release.xcconfig */ = {isa = PBXFileReference; includeInIndex = 1; lastKnownFileType = text.xcconfig; name = "Pods-AppCenterDemo.release.xcconfig"; path = "Pods/Target Support Files/Pods-AppCenterDemo/Pods-AppCenterDemo.release.xcconfig"; sourceTree = "<group>"; };
		6E53F22F0BAD072B12530160 /* Pods-AppCenterDemoTests.release.xcconfig */ = {isa = PBXFileReference; includeInIndex = 1; lastKnownFileType = text.xcconfig; name = "Pods-AppCenterDemoTests.release.xcconfig"; path = "Pods/Target Support Files/Pods-AppCenterDemoTests/Pods-AppCenterDemoTests.release.xcconfig"; sourceTree = "<group>"; };
		7415409D211C81B300812D7E /* Artist.h */ = {isa = PBXFileReference; lastKnownFileType = sourcecode.c.h; path = Artist.h; sourceTree = "<group>"; };
		7415409E211C81B300812D7E /* Artist.m */ = {isa = PBXFileReference; lastKnownFileType = sourcecode.c.objc; path = Artist.m; sourceTree = "<group>"; };
		741A11932118429B0082A3E9 /* SearchTableViewController.h */ = {isa = PBXFileReference; lastKnownFileType = sourcecode.c.h; path = SearchTableViewController.h; sourceTree = "<group>"; };
		741A11942118429B0082A3E9 /* SearchTableViewController.m */ = {isa = PBXFileReference; lastKnownFileType = sourcecode.c.objc; path = SearchTableViewController.m; sourceTree = "<group>"; };
		743C3182211D7AB9006BC00C /* AppCenterDemoXCTests.xctest */ = {isa = PBXFileReference; explicitFileType = wrapper.cfbundle; includeInIndex = 0; path = AppCenterDemoXCTests.xctest; sourceTree = BUILT_PRODUCTS_DIR; };
		743C3184211D7AB9006BC00C /* AppCenterDemoXCTests.m */ = {isa = PBXFileReference; lastKnownFileType = sourcecode.c.objc; path = AppCenterDemoXCTests.m; sourceTree = "<group>"; };
		743C3186211D7AB9006BC00C /* Info.plist */ = {isa = PBXFileReference; lastKnownFileType = text.plist.xml; path = Info.plist; sourceTree = "<group>"; };
		744ED96521147183007EE1D7 /* AppCenterDemo.app */ = {isa = PBXFileReference; explicitFileType = wrapper.application; includeInIndex = 0; path = AppCenterDemo.app; sourceTree = BUILT_PRODUCTS_DIR; };
		744ED96821147183007EE1D7 /* AppDelegate.h */ = {isa = PBXFileReference; lastKnownFileType = sourcecode.c.h; path = AppDelegate.h; sourceTree = "<group>"; };
		744ED96921147183007EE1D7 /* AppDelegate.m */ = {isa = PBXFileReference; lastKnownFileType = sourcecode.c.objc; path = AppDelegate.m; sourceTree = "<group>"; };
		744ED96F21147183007EE1D7 /* Base */ = {isa = PBXFileReference; lastKnownFileType = file.storyboard; name = Base; path = Base.lproj/Main.storyboard; sourceTree = "<group>"; };
		744ED97121147185007EE1D7 /* Assets.xcassets */ = {isa = PBXFileReference; lastKnownFileType = folder.assetcatalog; path = Assets.xcassets; sourceTree = "<group>"; };
		744ED97421147185007EE1D7 /* Base */ = {isa = PBXFileReference; lastKnownFileType = file.storyboard; name = Base; path = Base.lproj/LaunchScreen.storyboard; sourceTree = "<group>"; };
		744ED97621147185007EE1D7 /* Info.plist */ = {isa = PBXFileReference; lastKnownFileType = text.plist.xml; path = Info.plist; sourceTree = "<group>"; };
		744ED97721147185007EE1D7 /* main.m */ = {isa = PBXFileReference; lastKnownFileType = sourcecode.c.objc; path = main.m; sourceTree = "<group>"; };
		744ED98821147185007EE1D7 /* AppCenterDemoUITests.xctest */ = {isa = PBXFileReference; explicitFileType = wrapper.cfbundle; includeInIndex = 0; path = AppCenterDemoUITests.xctest; sourceTree = BUILT_PRODUCTS_DIR; };
		744ED98C21147185007EE1D7 /* AppCenterDemoUITests.m */ = {isa = PBXFileReference; lastKnownFileType = sourcecode.c.objc; path = AppCenterDemoUITests.m; sourceTree = "<group>"; };
		744ED98E21147185007EE1D7 /* Info.plist */ = {isa = PBXFileReference; lastKnownFileType = text.plist.xml; path = Info.plist; sourceTree = "<group>"; };
		9709790BF597214EFB0BE797 /* Pods-AppCenterDemoTests.debug.xcconfig */ = {isa = PBXFileReference; includeInIndex = 1; lastKnownFileType = text.xcconfig; name = "Pods-AppCenterDemoTests.debug.xcconfig"; path = "Pods/Target Support Files/Pods-AppCenterDemoTests/Pods-AppCenterDemoTests.debug.xcconfig"; sourceTree = "<group>"; };
		A4C5D387931CFFB82983F2B0 /* Pods_AppCenterDemoTests.framework */ = {isa = PBXFileReference; explicitFileType = wrapper.framework; includeInIndex = 0; path = Pods_AppCenterDemoTests.framework; sourceTree = BUILT_PRODUCTS_DIR; };
		A52BB5512B29425C7B0DF21C /* Pods-AppCenterDemoUITests.release.xcconfig */ = {isa = PBXFileReference; includeInIndex = 1; lastKnownFileType = text.xcconfig; name = "Pods-AppCenterDemoUITests.release.xcconfig"; path = "Pods/Target Support Files/Pods-AppCenterDemoUITests/Pods-AppCenterDemoUITests.release.xcconfig"; sourceTree = "<group>"; };
		F294D53745A9F53EFD283516 /* Pods_AppCenterDemo.framework */ = {isa = PBXFileReference; explicitFileType = wrapper.framework; includeInIndex = 0; path = Pods_AppCenterDemo.framework; sourceTree = BUILT_PRODUCTS_DIR; };
/* End PBXFileReference section */

/* Begin PBXFrameworksBuildPhase section */
		743C317F211D7AB9006BC00C /* Frameworks */ = {
			isa = PBXFrameworksBuildPhase;
			buildActionMask = 2147483647;
			files = (
			);
			runOnlyForDeploymentPostprocessing = 0;
		};
		744ED96221147183007EE1D7 /* Frameworks */ = {
			isa = PBXFrameworksBuildPhase;
			buildActionMask = 2147483647;
			files = (
				EB7ABDA55DD8E9545FAD7030 /* Pods_AppCenterDemo.framework in Frameworks */,
			);
			runOnlyForDeploymentPostprocessing = 0;
		};
		744ED98521147185007EE1D7 /* Frameworks */ = {
			isa = PBXFrameworksBuildPhase;
			buildActionMask = 2147483647;
			files = (
				8A2E31D031854749F99A9B91 /* Pods_AppCenterDemoUITests.framework in Frameworks */,
			);
			runOnlyForDeploymentPostprocessing = 0;
		};
/* End PBXFrameworksBuildPhase section */

/* Begin PBXGroup section */
		306F18D5603A1F82B5AD3FBA /* Frameworks */ = {
			isa = PBXGroup;
			children = (
				F294D53745A9F53EFD283516 /* Pods_AppCenterDemo.framework */,
				A4C5D387931CFFB82983F2B0 /* Pods_AppCenterDemoTests.framework */,
				50B9C03BBE3EC07E242001F5 /* Pods_AppCenterDemoUITests.framework */,
			);
			name = Frameworks;
			sourceTree = "<group>";
		};
		4449F4841C59170437A79630 /* Pods */ = {
			isa = PBXGroup;
			children = (
				492FEAEB650F6F6A2D492288 /* Pods-AppCenterDemo.debug.xcconfig */,
				611F777B3A22E143201E3030 /* Pods-AppCenterDemo.release.xcconfig */,
				9709790BF597214EFB0BE797 /* Pods-AppCenterDemoTests.debug.xcconfig */,
				6E53F22F0BAD072B12530160 /* Pods-AppCenterDemoTests.release.xcconfig */,
				399E20DEBC46498B2BE5C26A /* Pods-AppCenterDemoUITests.debug.xcconfig */,
				A52BB5512B29425C7B0DF21C /* Pods-AppCenterDemoUITests.release.xcconfig */,
			);
			name = Pods;
			sourceTree = "<group>";
		};
		743C3183211D7AB9006BC00C /* AppCenterDemoXCTests */ = {
			isa = PBXGroup;
			children = (
				743C3184211D7AB9006BC00C /* AppCenterDemoXCTests.m */,
				743C3186211D7AB9006BC00C /* Info.plist */,
			);
			path = AppCenterDemoXCTests;
			sourceTree = "<group>";
		};
		744ED95C21147183007EE1D7 = {
			isa = PBXGroup;
			children = (
				744ED96721147183007EE1D7 /* AppCenterDemo */,
				744ED98B21147185007EE1D7 /* AppCenterDemoUITests */,
				743C3183211D7AB9006BC00C /* AppCenterDemoXCTests */,
				744ED96621147183007EE1D7 /* Products */,
				4449F4841C59170437A79630 /* Pods */,
				306F18D5603A1F82B5AD3FBA /* Frameworks */,
			);
			sourceTree = "<group>";
		};
		744ED96621147183007EE1D7 /* Products */ = {
			isa = PBXGroup;
			children = (
				744ED96521147183007EE1D7 /* AppCenterDemo.app */,
				744ED98821147185007EE1D7 /* AppCenterDemoUITests.xctest */,
				743C3182211D7AB9006BC00C /* AppCenterDemoXCTests.xctest */,
			);
			name = Products;
			sourceTree = "<group>";
		};
		744ED96721147183007EE1D7 /* AppCenterDemo */ = {
			isa = PBXGroup;
			children = (
				741A11932118429B0082A3E9 /* SearchTableViewController.h */,
				741A11942118429B0082A3E9 /* SearchTableViewController.m */,
				744ED96821147183007EE1D7 /* AppDelegate.h */,
				744ED96921147183007EE1D7 /* AppDelegate.m */,
				744ED96E21147183007EE1D7 /* Main.storyboard */,
				744ED97121147185007EE1D7 /* Assets.xcassets */,
				744ED97321147185007EE1D7 /* LaunchScreen.storyboard */,
				744ED97621147185007EE1D7 /* Info.plist */,
				744ED97721147185007EE1D7 /* main.m */,
				7415409D211C81B300812D7E /* Artist.h */,
				7415409E211C81B300812D7E /* Artist.m */,
			);
			path = AppCenterDemo;
			sourceTree = "<group>";
		};
		744ED98B21147185007EE1D7 /* AppCenterDemoUITests */ = {
			isa = PBXGroup;
			children = (
				744ED98C21147185007EE1D7 /* AppCenterDemoUITests.m */,
				744ED98E21147185007EE1D7 /* Info.plist */,
			);
			path = AppCenterDemoUITests;
			sourceTree = "<group>";
		};
/* End PBXGroup section */

/* Begin PBXNativeTarget section */
		743C3181211D7AB9006BC00C /* AppCenterDemoXCTests */ = {
			isa = PBXNativeTarget;
			buildConfigurationList = 743C3189211D7AB9006BC00C /* Build configuration list for PBXNativeTarget "AppCenterDemoXCTests" */;
			buildPhases = (
				743C317E211D7AB9006BC00C /* Sources */,
				743C317F211D7AB9006BC00C /* Frameworks */,
				743C3180211D7AB9006BC00C /* Resources */,
			);
			buildRules = (
			);
			dependencies = (
				743C3188211D7AB9006BC00C /* PBXTargetDependency */,
			);
			name = AppCenterDemoXCTests;
			productName = AppCenterDemoXCTests;
			productReference = 743C3182211D7AB9006BC00C /* AppCenterDemoXCTests.xctest */;
			productType = "com.apple.product-type.bundle.unit-test";
		};
		744ED96421147183007EE1D7 /* AppCenterDemo */ = {
			isa = PBXNativeTarget;
			buildConfigurationList = 744ED99121147185007EE1D7 /* Build configuration list for PBXNativeTarget "AppCenterDemo" */;
			buildPhases = (
				B1E9576C88C12B92938B948A /* [CP] Check Pods Manifest.lock */,
				744ED96121147183007EE1D7 /* Sources */,
				744ED96221147183007EE1D7 /* Frameworks */,
				744ED96321147183007EE1D7 /* Resources */,
			);
			buildRules = (
			);
			dependencies = (
			);
			name = AppCenterDemo;
			productName = AppCenterDemo;
			productReference = 744ED96521147183007EE1D7 /* AppCenterDemo.app */;
			productType = "com.apple.product-type.application";
		};
		744ED98721147185007EE1D7 /* AppCenterDemoUITests */ = {
			isa = PBXNativeTarget;
			buildConfigurationList = 744ED99721147185007EE1D7 /* Build configuration list for PBXNativeTarget "AppCenterDemoUITests" */;
			buildPhases = (
				6BC214D336F6772120845872 /* [CP] Check Pods Manifest.lock */,
				744ED98421147185007EE1D7 /* Sources */,
				744ED98521147185007EE1D7 /* Frameworks */,
				744ED98621147185007EE1D7 /* Resources */,
				E5845626E28EFEB169C4F065 /* [CP] Embed Pods Frameworks */,
			);
			buildRules = (
			);
			dependencies = (
				744ED98A21147185007EE1D7 /* PBXTargetDependency */,
			);
			name = AppCenterDemoUITests;
			productName = AppCenterDemoUITests;
			productReference = 744ED98821147185007EE1D7 /* AppCenterDemoUITests.xctest */;
			productType = "com.apple.product-type.bundle.ui-testing";
		};
/* End PBXNativeTarget section */

/* Begin PBXProject section */
		744ED95D21147183007EE1D7 /* Project object */ = {
			isa = PBXProject;
			attributes = {
				LastUpgradeCheck = 0940;
				ORGANIZATIONNAME = "NPW iOS";
				TargetAttributes = {
					743C3181211D7AB9006BC00C = {
						CreatedOnToolsVersion = 9.4.1;
						TestTargetID = 744ED96421147183007EE1D7;
					};
					744ED96421147183007EE1D7 = {
						CreatedOnToolsVersion = 9.4.1;
					};
					744ED98721147185007EE1D7 = {
						CreatedOnToolsVersion = 9.4.1;
						TestTargetID = 744ED96421147183007EE1D7;
					};
				};
			};
			buildConfigurationList = 744ED96021147183007EE1D7 /* Build configuration list for PBXProject "AppCenterDemo" */;
			compatibilityVersion = "Xcode 9.3";
			developmentRegion = en;
			hasScannedForEncodings = 0;
			knownRegions = (
				en,
				Base,
			);
			mainGroup = 744ED95C21147183007EE1D7;
			productRefGroup = 744ED96621147183007EE1D7 /* Products */;
			projectDirPath = "";
			projectRoot = "";
			targets = (
				744ED96421147183007EE1D7 /* AppCenterDemo */,
				744ED98721147185007EE1D7 /* AppCenterDemoUITests */,
				743C3181211D7AB9006BC00C /* AppCenterDemoXCTests */,
			);
		};
/* End PBXProject section */

/* Begin PBXResourcesBuildPhase section */
		743C3180211D7AB9006BC00C /* Resources */ = {
			isa = PBXResourcesBuildPhase;
			buildActionMask = 2147483647;
			files = (
			);
			runOnlyForDeploymentPostprocessing = 0;
		};
		744ED96321147183007EE1D7 /* Resources */ = {
			isa = PBXResourcesBuildPhase;
			buildActionMask = 2147483647;
			files = (
				744ED97521147185007EE1D7 /* LaunchScreen.storyboard in Resources */,
				744ED97221147185007EE1D7 /* Assets.xcassets in Resources */,
				744ED97021147183007EE1D7 /* Main.storyboard in Resources */,
			);
			runOnlyForDeploymentPostprocessing = 0;
		};
		744ED98621147185007EE1D7 /* Resources */ = {
			isa = PBXResourcesBuildPhase;
			buildActionMask = 2147483647;
			files = (
			);
			runOnlyForDeploymentPostprocessing = 0;
		};
/* End PBXResourcesBuildPhase section */

/* Begin PBXShellScriptBuildPhase section */
		6BC214D336F6772120845872 /* [CP] Check Pods Manifest.lock */ = {
			isa = PBXShellScriptBuildPhase;
			buildActionMask = 2147483647;
			files = (
			);
			inputPaths = (
				"${PODS_PODFILE_DIR_PATH}/Podfile.lock",
				"${PODS_ROOT}/Manifest.lock",
			);
			name = "[CP] Check Pods Manifest.lock";
			outputPaths = (
				"$(DERIVED_FILE_DIR)/Pods-AppCenterDemoUITests-checkManifestLockResult.txt",
			);
			runOnlyForDeploymentPostprocessing = 0;
			shellPath = /bin/sh;
			shellScript = "diff \"${PODS_PODFILE_DIR_PATH}/Podfile.lock\" \"${PODS_ROOT}/Manifest.lock\" > /dev/null\nif [ $? != 0 ] ; then\n    # print error to STDERR\n    echo \"error: The sandbox is not in sync with the Podfile.lock. Run 'pod install' or update your CocoaPods installation.\" >&2\n    exit 1\nfi\n# This output is used by Xcode 'outputs' to avoid re-running this script phase.\necho \"SUCCESS\" > \"${SCRIPT_OUTPUT_FILE_0}\"\n";
			showEnvVarsInLog = 0;
		};
		B1E9576C88C12B92938B948A /* [CP] Check Pods Manifest.lock */ = {
			isa = PBXShellScriptBuildPhase;
			buildActionMask = 2147483647;
			files = (
			);
			inputPaths = (
				"${PODS_PODFILE_DIR_PATH}/Podfile.lock",
				"${PODS_ROOT}/Manifest.lock",
			);
			name = "[CP] Check Pods Manifest.lock";
			outputPaths = (
				"$(DERIVED_FILE_DIR)/Pods-AppCenterDemo-checkManifestLockResult.txt",
			);
			runOnlyForDeploymentPostprocessing = 0;
			shellPath = /bin/sh;
			shellScript = "diff \"${PODS_PODFILE_DIR_PATH}/Podfile.lock\" \"${PODS_ROOT}/Manifest.lock\" > /dev/null\nif [ $? != 0 ] ; then\n    # print error to STDERR\n    echo \"error: The sandbox is not in sync with the Podfile.lock. Run 'pod install' or update your CocoaPods installation.\" >&2\n    exit 1\nfi\n# This output is used by Xcode 'outputs' to avoid re-running this script phase.\necho \"SUCCESS\" > \"${SCRIPT_OUTPUT_FILE_0}\"\n";
			showEnvVarsInLog = 0;
		};
		E5845626E28EFEB169C4F065 /* [CP] Embed Pods Frameworks */ = {
			isa = PBXShellScriptBuildPhase;
			buildActionMask = 2147483647;
			files = (
			);
			inputPaths = (
				"${SRCROOT}/Pods/Target Support Files/Pods-AppCenterDemoUITests/Pods-AppCenterDemoUITests-frameworks.sh",
				"${BUILT_PRODUCTS_DIR}/AppCenterXCUITestExtensions/AppCenterXCUITestExtensions.framework",
			);
			name = "[CP] Embed Pods Frameworks";
			outputPaths = (
				"${TARGET_BUILD_DIR}/${FRAMEWORKS_FOLDER_PATH}/AppCenterXCUITestExtensions.framework",
			);
			runOnlyForDeploymentPostprocessing = 0;
			shellPath = /bin/sh;
			shellScript = "\"${SRCROOT}/Pods/Target Support Files/Pods-AppCenterDemoUITests/Pods-AppCenterDemoUITests-frameworks.sh\"\n";
			showEnvVarsInLog = 0;
		};
/* End PBXShellScriptBuildPhase section */

/* Begin PBXSourcesBuildPhase section */
		743C317E211D7AB9006BC00C /* Sources */ = {
			isa = PBXSourcesBuildPhase;
			buildActionMask = 2147483647;
			files = (
				743C3185211D7AB9006BC00C /* AppCenterDemoXCTests.m in Sources */,
			);
			runOnlyForDeploymentPostprocessing = 0;
		};
		744ED96121147183007EE1D7 /* Sources */ = {
			isa = PBXSourcesBuildPhase;
			buildActionMask = 2147483647;
			files = (
				741A11952118429B0082A3E9 /* SearchTableViewController.m in Sources */,
				744ED97821147185007EE1D7 /* main.m in Sources */,
				744ED96A21147183007EE1D7 /* AppDelegate.m in Sources */,
				7415409F211C81B300812D7E /* Artist.m in Sources */,
			);
			runOnlyForDeploymentPostprocessing = 0;
		};
		744ED98421147185007EE1D7 /* Sources */ = {
			isa = PBXSourcesBuildPhase;
			buildActionMask = 2147483647;
			files = (
				744ED98D21147185007EE1D7 /* AppCenterDemoUITests.m in Sources */,
			);
			runOnlyForDeploymentPostprocessing = 0;
		};
/* End PBXSourcesBuildPhase section */

/* Begin PBXTargetDependency section */
		743C3188211D7AB9006BC00C /* PBXTargetDependency */ = {
			isa = PBXTargetDependency;
			target = 744ED96421147183007EE1D7 /* AppCenterDemo */;
			targetProxy = 743C3187211D7AB9006BC00C /* PBXContainerItemProxy */;
		};
		744ED98A21147185007EE1D7 /* PBXTargetDependency */ = {
			isa = PBXTargetDependency;
			target = 744ED96421147183007EE1D7 /* AppCenterDemo */;
			targetProxy = 744ED98921147185007EE1D7 /* PBXContainerItemProxy */;
		};
/* End PBXTargetDependency section */

/* Begin PBXVariantGroup section */
		744ED96E21147183007EE1D7 /* Main.storyboard */ = {
			isa = PBXVariantGroup;
			children = (
				744ED96F21147183007EE1D7 /* Base */,
			);
			name = Main.storyboard;
			sourceTree = "<group>";
		};
		744ED97321147185007EE1D7 /* LaunchScreen.storyboard */ = {
			isa = PBXVariantGroup;
			children = (
				744ED97421147185007EE1D7 /* Base */,
			);
			name = LaunchScreen.storyboard;
			sourceTree = "<group>";
		};
/* End PBXVariantGroup section */

/* Begin XCBuildConfiguration section */
		743C318A211D7AB9006BC00C /* Debug */ = {
			isa = XCBuildConfiguration;
			buildSettings = {
				BUNDLE_LOADER = "$(TEST_HOST)";
				CODE_SIGN_STYLE = Automatic;
				DEVELOPMENT_TEAM = Z899575T27;
				INFOPLIST_FILE = AppCenterDemoXCTests/Info.plist;
				LD_RUNPATH_SEARCH_PATHS = (
					"$(inherited)",
					"@executable_path/Frameworks",
					"@loader_path/Frameworks",
				);
				PRODUCT_BUNDLE_IDENTIFIER = co.za.AppCenterDemoXCTests;
				PRODUCT_NAME = "$(TARGET_NAME)";
				TARGETED_DEVICE_FAMILY = "1,2";
				TEST_HOST = "$(BUILT_PRODUCTS_DIR)/AppCenterDemo.app/AppCenterDemo";
			};
			name = Debug;
		};
		743C318B211D7AB9006BC00C /* Release */ = {
			isa = XCBuildConfiguration;
			buildSettings = {
				BUNDLE_LOADER = "$(TEST_HOST)";
				CODE_SIGN_STYLE = Automatic;
				DEVELOPMENT_TEAM = Z899575T27;
				INFOPLIST_FILE = AppCenterDemoXCTests/Info.plist;
				LD_RUNPATH_SEARCH_PATHS = (
					"$(inherited)",
					"@executable_path/Frameworks",
					"@loader_path/Frameworks",
				);
				PRODUCT_BUNDLE_IDENTIFIER = co.za.AppCenterDemoXCTests;
				PRODUCT_NAME = "$(TARGET_NAME)";
				TARGETED_DEVICE_FAMILY = "1,2";
				TEST_HOST = "$(BUILT_PRODUCTS_DIR)/AppCenterDemo.app/AppCenterDemo";
			};
			name = Release;
		};
		744ED98F21147185007EE1D7 /* Debug */ = {
			isa = XCBuildConfiguration;
			buildSettings = {
				ALWAYS_SEARCH_USER_PATHS = NO;
				CLANG_ANALYZER_NONNULL = YES;
				CLANG_ANALYZER_NUMBER_OBJECT_CONVERSION = YES_AGGRESSIVE;
				CLANG_CXX_LANGUAGE_STANDARD = "gnu++14";
				CLANG_CXX_LIBRARY = "libc++";
				CLANG_ENABLE_MODULES = YES;
				CLANG_ENABLE_OBJC_ARC = YES;
				CLANG_ENABLE_OBJC_WEAK = YES;
				CLANG_WARN_BLOCK_CAPTURE_AUTORELEASING = YES;
				CLANG_WARN_BOOL_CONVERSION = YES;
				CLANG_WARN_COMMA = YES;
				CLANG_WARN_CONSTANT_CONVERSION = YES;
				CLANG_WARN_DEPRECATED_OBJC_IMPLEMENTATIONS = YES;
				CLANG_WARN_DIRECT_OBJC_ISA_USAGE = YES_ERROR;
				CLANG_WARN_DOCUMENTATION_COMMENTS = YES;
				CLANG_WARN_EMPTY_BODY = YES;
				CLANG_WARN_ENUM_CONVERSION = YES;
				CLANG_WARN_INFINITE_RECURSION = YES;
				CLANG_WARN_INT_CONVERSION = YES;
				CLANG_WARN_NON_LITERAL_NULL_CONVERSION = YES;
				CLANG_WARN_OBJC_IMPLICIT_RETAIN_SELF = YES;
				CLANG_WARN_OBJC_LITERAL_CONVERSION = YES;
				CLANG_WARN_OBJC_ROOT_CLASS = YES_ERROR;
				CLANG_WARN_RANGE_LOOP_ANALYSIS = YES;
				CLANG_WARN_STRICT_PROTOTYPES = YES;
				CLANG_WARN_SUSPICIOUS_MOVE = YES;
				CLANG_WARN_UNGUARDED_AVAILABILITY = YES_AGGRESSIVE;
				CLANG_WARN_UNREACHABLE_CODE = YES;
				CLANG_WARN__DUPLICATE_METHOD_MATCH = YES;
				CODE_SIGN_IDENTITY = "iPhone Developer";
				COPY_PHASE_STRIP = NO;
				DEBUG_INFORMATION_FORMAT = dwarf;
				ENABLE_STRICT_OBJC_MSGSEND = YES;
				ENABLE_TESTABILITY = YES;
				GCC_C_LANGUAGE_STANDARD = gnu11;
				GCC_DYNAMIC_NO_PIC = NO;
				GCC_NO_COMMON_BLOCKS = YES;
				GCC_OPTIMIZATION_LEVEL = 0;
				GCC_PREPROCESSOR_DEFINITIONS = (
					"DEBUG=1",
					"$(inherited)",
				);
				GCC_WARN_64_TO_32_BIT_CONVERSION = YES;
				GCC_WARN_ABOUT_RETURN_TYPE = YES_ERROR;
				GCC_WARN_UNDECLARED_SELECTOR = YES;
				GCC_WARN_UNINITIALIZED_AUTOS = YES_AGGRESSIVE;
				GCC_WARN_UNUSED_FUNCTION = YES;
				GCC_WARN_UNUSED_VARIABLE = YES;
				IPHONEOS_DEPLOYMENT_TARGET = 11.4;
				MTL_ENABLE_DEBUG_INFO = YES;
				ONLY_ACTIVE_ARCH = YES;
				SDKROOT = iphoneos;
			};
			name = Debug;
		};
		744ED99021147185007EE1D7 /* Release */ = {
			isa = XCBuildConfiguration;
			buildSettings = {
				ALWAYS_SEARCH_USER_PATHS = NO;
				CLANG_ANALYZER_NONNULL = YES;
				CLANG_ANALYZER_NUMBER_OBJECT_CONVERSION = YES_AGGRESSIVE;
				CLANG_CXX_LANGUAGE_STANDARD = "gnu++14";
				CLANG_CXX_LIBRARY = "libc++";
				CLANG_ENABLE_MODULES = YES;
				CLANG_ENABLE_OBJC_ARC = YES;
				CLANG_ENABLE_OBJC_WEAK = YES;
				CLANG_WARN_BLOCK_CAPTURE_AUTORELEASING = YES;
				CLANG_WARN_BOOL_CONVERSION = YES;
				CLANG_WARN_COMMA = YES;
				CLANG_WARN_CONSTANT_CONVERSION = YES;
				CLANG_WARN_DEPRECATED_OBJC_IMPLEMENTATIONS = YES;
				CLANG_WARN_DIRECT_OBJC_ISA_USAGE = YES_ERROR;
				CLANG_WARN_DOCUMENTATION_COMMENTS = YES;
				CLANG_WARN_EMPTY_BODY = YES;
				CLANG_WARN_ENUM_CONVERSION = YES;
				CLANG_WARN_INFINITE_RECURSION = YES;
				CLANG_WARN_INT_CONVERSION = YES;
				CLANG_WARN_NON_LITERAL_NULL_CONVERSION = YES;
				CLANG_WARN_OBJC_IMPLICIT_RETAIN_SELF = YES;
				CLANG_WARN_OBJC_LITERAL_CONVERSION = YES;
				CLANG_WARN_OBJC_ROOT_CLASS = YES_ERROR;
				CLANG_WARN_RANGE_LOOP_ANALYSIS = YES;
				CLANG_WARN_STRICT_PROTOTYPES = YES;
				CLANG_WARN_SUSPICIOUS_MOVE = YES;
				CLANG_WARN_UNGUARDED_AVAILABILITY = YES_AGGRESSIVE;
				CLANG_WARN_UNREACHABLE_CODE = YES;
				CLANG_WARN__DUPLICATE_METHOD_MATCH = YES;
				CODE_SIGN_IDENTITY = "iPhone Developer";
				COPY_PHASE_STRIP = NO;
				DEBUG_INFORMATION_FORMAT = "dwarf-with-dsym";
				ENABLE_NS_ASSERTIONS = NO;
				ENABLE_STRICT_OBJC_MSGSEND = YES;
				GCC_C_LANGUAGE_STANDARD = gnu11;
				GCC_NO_COMMON_BLOCKS = YES;
				GCC_WARN_64_TO_32_BIT_CONVERSION = YES;
				GCC_WARN_ABOUT_RETURN_TYPE = YES_ERROR;
				GCC_WARN_UNDECLARED_SELECTOR = YES;
				GCC_WARN_UNINITIALIZED_AUTOS = YES_AGGRESSIVE;
				GCC_WARN_UNUSED_FUNCTION = YES;
				GCC_WARN_UNUSED_VARIABLE = YES;
				IPHONEOS_DEPLOYMENT_TARGET = 11.4;
				MTL_ENABLE_DEBUG_INFO = NO;
				SDKROOT = iphoneos;
				VALIDATE_PRODUCT = YES;
			};
			name = Release;
		};
		744ED99221147185007EE1D7 /* Debug */ = {
			isa = XCBuildConfiguration;
			baseConfigurationReference = 492FEAEB650F6F6A2D492288 /* Pods-AppCenterDemo.debug.xcconfig */;
			buildSettings = {
				ASSETCATALOG_COMPILER_APPICON_NAME = AppIcon;
				CODE_SIGN_STYLE = Automatic;
				DEVELOPMENT_TEAM = TRG8V5FQAN;
				INFOPLIST_FILE = AppCenterDemo/Info.plist;
				LD_RUNPATH_SEARCH_PATHS = (
					"$(inherited)",
					"@executable_path/Frameworks",
				);
				PRODUCT_BUNDLE_IDENTIFIER = co.za.AppCenterDemo;
				PRODUCT_NAME = "$(TARGET_NAME)";
				TARGETED_DEVICE_FAMILY = "1,2";
			};
			name = Debug;
		};
		744ED99321147185007EE1D7 /* Release */ = {
			isa = XCBuildConfiguration;
			baseConfigurationReference = 611F777B3A22E143201E3030 /* Pods-AppCenterDemo.release.xcconfig */;
			buildSettings = {
				ASSETCATALOG_COMPILER_APPICON_NAME = AppIcon;
				CODE_SIGN_STYLE = Automatic;
				DEVELOPMENT_TEAM = TRG8V5FQAN;
				INFOPLIST_FILE = AppCenterDemo/Info.plist;
				LD_RUNPATH_SEARCH_PATHS = (
					"$(inherited)",
					"@executable_path/Frameworks",
				);
				PRODUCT_BUNDLE_IDENTIFIER = co.za.AppCenterDemo;
				PRODUCT_NAME = "$(TARGET_NAME)";
				TARGETED_DEVICE_FAMILY = "1,2";
			};
			name = Release;
		};
		744ED99821147185007EE1D7 /* Debug */ = {
			isa = XCBuildConfiguration;
			baseConfigurationReference = 399E20DEBC46498B2BE5C26A /* Pods-AppCenterDemoUITests.debug.xcconfig */;
			buildSettings = {
				CODE_SIGN_STYLE = Automatic;
				DEVELOPMENT_TEAM = Z899575T27;
				INFOPLIST_FILE = AppCenterDemoUITests/Info.plist;
				LD_RUNPATH_SEARCH_PATHS = (
					"$(inherited)",
					"@executable_path/Frameworks",
					"@loader_path/Frameworks",
				);
				PRODUCT_BUNDLE_IDENTIFIER = co.za.AppCenterDemoUITests;
				PRODUCT_NAME = "$(TARGET_NAME)";
				TARGETED_DEVICE_FAMILY = "1,2";
				TEST_TARGET_NAME = AppCenterDemo;
			};
			name = Debug;
		};
		744ED99921147185007EE1D7 /* Release */ = {
			isa = XCBuildConfiguration;
			baseConfigurationReference = A52BB5512B29425C7B0DF21C /* Pods-AppCenterDemoUITests.release.xcconfig */;
			buildSettings = {
				CODE_SIGN_STYLE = Automatic;
				DEVELOPMENT_TEAM = Z899575T27;
				INFOPLIST_FILE = AppCenterDemoUITests/Info.plist;
				LD_RUNPATH_SEARCH_PATHS = (
					"$(inherited)",
					"@executable_path/Frameworks",
					"@loader_path/Frameworks",
				);
				PRODUCT_BUNDLE_IDENTIFIER = co.za.AppCenterDemoUITests;
				PRODUCT_NAME = "$(TARGET_NAME)";
				TARGETED_DEVICE_FAMILY = "1,2";
				TEST_TARGET_NAME = AppCenterDemo;
			};
			name = Release;
		};
/* End XCBuildConfiguration section */

/* Begin XCConfigurationList section */
		743C3189211D7AB9006BC00C /* Build configuration list for PBXNativeTarget "AppCenterDemoXCTests" */ = {
			isa = XCConfigurationList;
			buildConfigurations = (
				743C318A211D7AB9006BC00C /* Debug */,
				743C318B211D7AB9006BC00C /* Release */,
			);
			defaultConfigurationIsVisible = 0;
			defaultConfigurationName = Release;
		};
		744ED96021147183007EE1D7 /* Build configuration list for PBXProject "AppCenterDemo" */ = {
			isa = XCConfigurationList;
			buildConfigurations = (
				744ED98F21147185007EE1D7 /* Debug */,
				744ED99021147185007EE1D7 /* Release */,
			);
			defaultConfigurationIsVisible = 0;
			defaultConfigurationName = Release;
		};
		744ED99121147185007EE1D7 /* Build configuration list for PBXNativeTarget "AppCenterDemo" */ = {
			isa = XCConfigurationList;
			buildConfigurations = (
				744ED99221147185007EE1D7 /* Debug */,
				744ED99321147185007EE1D7 /* Release */,
			);
			defaultConfigurationIsVisible = 0;
			defaultConfigurationName = Release;
		};
		744ED99721147185007EE1D7 /* Build configuration list for PBXNativeTarget "AppCenterDemoUITests" */ = {
			isa = XCConfigurationList;
			buildConfigurations = (
				744ED99821147185007EE1D7 /* Debug */,
				744ED99921147185007EE1D7 /* Release */,
			);
			defaultConfigurationIsVisible = 0;
			defaultConfigurationName = Release;
		};
/* End XCConfigurationList section */
	};
	rootObject = 744ED95D21147183007EE1D7 /* Project object */;
}
